
Microsoft Visual Studio Solution File, Format Version 12.00
# Visual Studio Version 17
VisualStudioVersion = 17.0.32112.339
MinimumVisualStudioVersion = 10.0.40219.1
Project("{9A19103F-16F7-4668-BE54-9A1E7A4F7556}") = "WebApi", "WebApi\WebApi.csproj", "{02F6867F-46DE-44B4-8DCB-E5B8353076EF}"
EndProject
Global
	GlobalSection(SolutionConfigurationPlatforms) = preSolution
		Debug|Any CPU = Debug|Any CPU
		Release|Any CPU = Release|Any CPU
	EndGlobalSection
	GlobalSection(ProjectConfigurationPlatforms) = postSolution
		{02F6867F-46DE-44B4-8DCB-E5B8353076EF}.Debug|Any CPU.ActiveCfg = Debug|Any CPU
		{02F6867F-46DE-44B4-8DCB-E5B8353076EF}.Debug|Any CPU.Build.0 = Debug|Any CPU
		{02F6867F-46DE-44B4-8DCB-E5B8353076EF}.Release|Any CPU.ActiveCfg = Release|Any CPU
		{02F6867F-46DE-44B4-8DCB-E5B8353076EF}.Release|Any CPU.Build.0 = Release|Any CPU
	EndGlobalSection
	GlobalSection(SolutionProperties) = preSolution
		HideSolutionNode = FALSE
	EndGlobalSection
	GlobalSection(ExtensibilityGlobals) = postSolution
		SolutionGuid = {08E7E7BA-813F-488D-99F3-C30E880D9442}
	EndGlobalSection
EndGlobal
